// !$*UTF8*$!
{
	archiveVersion = 1;
	classes = {
	};
	objectVersion = 48;
	objects = {

/* Begin PBXBuildFile section */
		FB7CD4C21FBBDB80001AF775 /* AppDelegate.swift in Sources */ = {isa = PBXBuildFile; fileRef = FB7CD4C11FBBDB80001AF775 /* AppDelegate.swift */; };
		FB7CD4C41FBBDB80001AF775 /* ViewController.swift in Sources */ = {isa = PBXBuildFile; fileRef = FB7CD4C31FBBDB80001AF775 /* ViewController.swift */; };
		FB7CD4C71FBBDB80001AF775 /* Main.storyboard in Resources */ = {isa = PBXBuildFile; fileRef = FB7CD4C51FBBDB80001AF775 /* Main.storyboard */; };
		FB7CD4C91FBBDB80001AF775 /* Assets.xcassets in Resources */ = {isa = PBXBuildFile; fileRef = FB7CD4C81FBBDB80001AF775 /* Assets.xcassets */; };
		FB7CD4CC1FBBDB80001AF775 /* LaunchScreen.storyboard in Resources */ = {isa = PBXBuildFile; fileRef = FB7CD4CA1FBBDB80001AF775 /* LaunchScreen.storyboard */; };
/* End PBXBuildFile section */

/* Begin PBXFileReference section */
		FB7CD4BE1FBBDB80001AF775 /* coreMotionApp.app */ = {isa = PBXFileReference; explicitFileType = wrapper.application; includeInIndex = 0; path = coreMotionApp.app; sourceTree = BUILT_PRODUCTS_DIR; };
		FB7CD4C11FBBDB80001AF775 /* AppDelegate.swift */ = {isa = PBXFileReference; lastKnownFileType = sourcecode.swift; path = AppDelegate.swift; sourceTree = "<group>"; };
		FB7CD4C31FBBDB80001AF775 /* ViewController.swift */ = {isa = PBXFileReference; lastKnownFileType = sourcecode.swift; path = ViewController.swift; sourceTree = "<group>"; };
		FB7CD4C61FBBDB80001AF775 /* Base */ = {isa = PBXFileReference; lastKnownFileType = file.storyboard; name = Base; path = Base.lproj/Main.storyboard; sourceTree = "<group>"; };
		FB7CD4C81FBBDB80001AF775 /* Assets.xcassets */ = {isa = PBXFileReference; lastKnownFileType = folder.assetcatalog; path = Assets.xcassets; sourceTree = "<group>"; };
		FB7CD4CB1FBBDB80001AF775 /* Base */ = {isa = PBXFileReference; lastKnownFileType = file.storyboard; name = Base; path = Base.lproj/LaunchScreen.storyboard; sourceTree = "<group>"; };
		FB7CD4CD1FBBDB81001AF775 /* Info.plist */ = {isa = PBXFileReference; lastKnownFileType = text.plist.xml; path = Info.plist; sourceTree = "<group>"; };
/* End PBXFileReference section */

/* Begin PBXFrameworksBuildPhase section */
		FB7CD4BB1FBBDB80001AF775 /* Frameworks */ = {
			isa = PBXFrameworksBuildPhase;
			buildActionMask = 2147483647;
			files = (
			);
			runOnlyForDeploymentPostprocessing = 0;
		};
/* End PBXFrameworksBuildPhase section */

/* Begin PBXGroup section */
		FB7CD4B51FBBDB80001AF775 = {
			isa = PBXGroup;
			children = (
				FB7CD4C01FBBDB80001AF775 /* coreMotionApp */,
				FB7CD4BF1FBBDB80001AF775 /* Products */,
			);
			sourceTree = "<group>";
		};
		FB7CD4BF1FBBDB80001AF775 /* Products */ = {
			isa = PBXGroup;
			children = (
				FB7CD4BE1FBBDB80001AF775 /* coreMotionApp.app */,
			);
			name = Products;
			sourceTree = "<group>";
		};
		FB7CD4C01FBBDB80001AF775 /* coreMotionApp */ = {
			isa = PBXGroup;
			children = (
				FB7CD4C11FBBDB80001AF775 /* AppDelegate.swift */,
				FB7CD4C31FBBDB80001AF775 /* ViewController.swift */,
				FB7CD4C51FBBDB80001AF775 /* Main.storyboard */,
				FB7CD4C81FBBDB80001AF775 /* Assets.xcassets */,
				FB7CD4CA1FBBDB80001AF775 /* LaunchScreen.storyboard */,
				FB7CD4CD1FBBDB81001AF775 /* Info.plist */,
			);
			path = coreMotionApp;
			sourceTree = "<group>";
		};
/* End PBXGroup section */

/* Begin PBXNativeTarget section */
		FB7CD4BD1FBBDB80001AF775 /* coreMotionApp */ = {
			isa = PBXNativeTarget;
			buildConfigurationList = FB7CD4D01FBBDB81001AF775 /* Build configuration list for PBXNativeTarget "coreMotionApp" */;
			buildPhases = (
				FB7CD4BA1FBBDB80001AF775 /* Sources */,
				FB7CD4BB1FBBDB80001AF775 /* Frameworks */,
				FB7CD4BC1FBBDB80001AF775 /* Resources */,
			);
			buildRules = (
			);
			dependencies = (
			);
			name = coreMotionApp;
			productName = coreMotionApp;
			productReference = FB7CD4BE1FBBDB80001AF775 /* coreMotionApp.app */;
			productType = "com.apple.product-type.application";
		};
/* End PBXNativeTarget section */

/* Begin PBXProject section */
		FB7CD4B61FBBDB80001AF775 /* Project object */ = {
			isa = PBXProject;
			attributes = {
				LastSwiftUpdateCheck = 0900;
				LastUpgradeCheck = 0900;
				ORGANIZATIONNAME = Timothy;
				TargetAttributes = {
					FB7CD4BD1FBBDB80001AF775 = {
						CreatedOnToolsVersion = 9.0.1;
						ProvisioningStyle = Automatic;
					};
				};
			};
			buildConfigurationList = FB7CD4B91FBBDB80001AF775 /* Build configuration list for PBXProject "coreMotionApp" */;
			compatibilityVersion = "Xcode 8.0";
			developmentRegion = en;
			hasScannedForEncodings = 0;
			knownRegions = (
				en,
				Base,
			);
			mainGroup = FB7CD4B51FBBDB80001AF775;
			productRefGroup = FB7CD4BF1FBBDB80001AF775 /* Products */;
			projectDirPath = "";
			projectRoot = "";
			targets = (
				FB7CD4BD1FBBDB80001AF775 /* coreMotionApp */,
			);
		};
/* End PBXProject section */

/* Begin PBXResourcesBuildPhase section */
		FB7CD4BC1FBBDB80001AF775 /* Resources */ = {
			isa = PBXResourcesBuildPhase;
			buildActionMask = 2147483647;
			files = (
				FB7CD4CC1FBBDB80001AF775 /* LaunchScreen.storyboard in Resources */,
				FB7CD4C91FBBDB80001AF775 /* Assets.xcassets in Resources */,
				FB7CD4C71FBBDB80001AF775 /* Main.storyboard in Resources */,
			);
			runOnlyForDeploymentPostprocessing = 0;
		};
/* End PBXResourcesBuildPhase section */

/* Begin PBXSourcesBuildPhase section */
		FB7CD4BA1FBBDB80001AF775 /* Sources */ = {
			isa = PBXSourcesBuildPhase;
			buildActionMask = 2147483647;
			files = (
				FB7CD4C41FBBDB80001AF775 /* ViewController.swift in Sources */,
				FB7CD4C21FBBDB80001AF775 /* AppDelegate.swift in Sources */,
			);
			runOnlyForDeploymentPostprocessing = 0;
		};
/* End PBXSourcesBuildPhase section */

/* Begin PBXVariantGroup section */
		FB7CD4C51FBBDB80001AF775 /* Main.storyboard */ = {
			isa = PBXVariantGroup;
			children = (
				FB7CD4C61FBBDB80001AF775 /* Base */,
			);
			name = Main.storyboard;
			sourceTree = "<group>";
		};
		FB7CD4CA1FBBDB80001AF775 /* LaunchScreen.storyboard */ = {
			isa = PBXVariantGroup;
			children = (
				FB7CD4CB1FBBDB80001AF775 /* Base */,
			);
			name = LaunchScreen.storyboard;
			sourceTree = "<group>";
		};
/* End PBXVariantGroup section */

/* Begin XCBuildConfiguration section */
		FB7CD4CE1FBBDB81001AF775 /* Debug */ = {
			isa = XCBuildConfiguration;
			buildSettings = {
				ALWAYS_SEARCH_USER_PATHS = NO;
				CLANG_ANALYZER_NONNULL = YES;
				CLANG_ANALYZER_NUMBER_OBJECT_CONVERSION = YES_AGGRESSIVE;
				CLANG_CXX_LANGUAGE_STANDARD = "gnu++14";
				CLANG_CXX_LIBRARY = "libc++";
				CLANG_ENABLE_MODULES = YES;
				CLANG_ENABLE_OBJC_ARC = YES;
				CLANG_WARN_BLOCK_CAPTURE_AUTORELEASING = YES;
				CLANG_WARN_BOOL_CONVERSION = YES;
				CLANG_WARN_COMMA = YES;
				CLANG_WARN_CONSTANT_CONVERSION = YES;
				CLANG_WARN_DIRECT_OBJC_ISA_USAGE = YES_ERROR;
				CLANG_WARN_DOCUMENTATION_COMMENTS = YES;
				CLANG_WARN_EMPTY_BODY = YES;
				CLANG_WARN_ENUM_CONVERSION = YES;
				CLANG_WARN_INFINITE_RECURSION = YES;
				CLANG_WARN_INT_CONVERSION = YES;
				CLANG_WARN_NON_LITERAL_NULL_CONVERSION = YES;
				CLANG_WARN_OBJC_LITERAL_CONVERSION = YES;
				CLANG_WARN_OBJC_ROOT_CLASS = YES_ERROR;
				CLANG_WARN_RANGE_LOOP_ANALYSIS = YES;
				CLANG_WARN_STRICT_PROTOTYPES = YES;
				CLANG_WARN_SUSPICIOUS_MOVE = YES;
				CLANG_WARN_UNGUARDED_AVAILABILITY = YES_AGGRESSIVE;
				CLANG_WARN_UNREACHABLE_CODE = YES;
				CLANG_WARN__DUPLICATE_METHOD_MATCH = YES;
				CODE_SIGN_IDENTITY = "iPhone Developer";
				COPY_PHASE_STRIP = NO;
				DEBUG_INFORMATION_FORMAT = dwarf;
				ENABLE_STRICT_OBJC_MSGSEND = YES;
				ENABLE_TESTABILITY = YES;
				GCC_C_LANGUAGE_STANDARD = gnu11;
				GCC_DYNAMIC_NO_PIC = NO;
				GCC_NO_COMMON_BLOCKS = YES;
				GCC_OPTIMIZATION_LEVEL = 0;
				GCC_PREPROCESSOR_DEFINITIONS = (
					"DEBUG=1",
					"$(inherited)",
				);
				GCC_WARN_64_TO_32_BIT_CONVERSION = YES;
				GCC_WARN_ABOUT_RETURN_TYPE = YES_ERROR;
				GCC_WARN_UNDECLARED_SELECTOR = YES;
				GCC_WARN_UNINITIALIZED_AUTOS = YES_AGGRESSIVE;
				GCC_WARN_UNUSED_FUNCTION = YES;
				GCC_WARN_UNUSED_VARIABLE = YES;
				IPHONEOS_DEPLOYMENT_TARGET = 11.0;
				MTL_ENABLE_DEBUG_INFO = YES;
				ONLY_ACTIVE_ARCH = YES;
				SDKROOT = iphoneos;
				SWIFT_ACTIVE_COMPILATION_CONDITIONS = DEBUG;
				SWIFT_OPTIMIZATION_LEVEL = "-Onone";
			};
			name = Debug;
		};
		FB7CD4CF1FBBDB81001AF775 /* Release */ = {
			isa = XCBuildConfiguration;
			buildSettings = {
				ALWAYS_SEARCH_USER_PATHS = NO;
				CLANG_ANALYZER_NONNULL = YES;
				CLANG_ANALYZER_NUMBER_OBJECT_CONVERSION = YES_AGGRESSIVE;
				CLANG_CXX_LANGUAGE_STANDARD = "gnu++14";
				CLANG_CXX_LIBRARY = "libc++";
				CLANG_ENABLE_MODULES = YES;
				CLANG_ENABLE_OBJC_ARC = YES;
				CLANG_WARN_BLOCK_CAPTURE_AUTORELEASING = YES;
				CLANG_WARN_BOOL_CONVERSION = YES;
				CLANG_WARN_COMMA = YES;
				CLANG_WARN_CONSTANT_CONVERSION = YES;
				CLANG_WARN_DIRECT_OBJC_ISA_USAGE = YES_ERROR;
				CLANG_WARN_DOCUMENTATION_COMMENTS = YES;
				CLANG_WARN_EMPTY_BODY = YES;
				CLANG_WARN_ENUM_CONVERSION = YES;
				CLANG_WARN_INFINITE_RECURSION = YES;
				CLANG_WARN_INT_CONVERSION = YES;
				CLANG_WARN_NON_LITERAL_NULL_CONVERSION = YES;
				CLANG_WARN_OBJC_LITERAL_CONVERSION = YES;
				CLANG_WARN_OBJC_ROOT_CLASS = YES_ERROR;
				CLANG_WARN_RANGE_LOOP_ANALYSIS = YES;
				CLANG_WARN_STRICT_PROTOTYPES = YES;
				CLANG_WARN_SUSPICIOUS_MOVE = YES;
				CLANG_WARN_UNGUARDED_AVAILABILITY = YES_AGGRESSIVE;
				CLANG_WARN_UNREACHABLE_CODE = YES;
				CLANG_WARN__DUPLICATE_METHOD_MATCH = YES;
				CODE_SIGN_IDENTITY = "iPhone Developer";
				COPY_PHASE_STRIP = NO;
				DEBUG_INFORMATION_FORMAT = "dwarf-with-dsym";
				ENABLE_NS_ASSERTIONS = NO;
				ENABLE_STRICT_OBJC_MSGSEND = YES;
				GCC_C_LANGUAGE_STANDARD = gnu11;
				GCC_NO_COMMON_BLOCKS = YES;
				GCC_WARN_64_TO_32_BIT_CONVERSION = YES;
				GCC_WARN_ABOUT_RETURN_TYPE = YES_ERROR;
				GCC_WARN_UNDECLARED_SELECTOR = YES;
				GCC_WARN_UNINITIALIZED_AUTOS = YES_AGGRESSIVE;
				GCC_WARN_UNUSED_FUNCTION = YES;
				GCC_WARN_UNUSED_VARIABLE = YES;
				IPHONEOS_DEPLOYMENT_TARGET = 11.0;
				MTL_ENABLE_DEBUG_INFO = NO;
				SDKROOT = iphoneos;
				SWIFT_OPTIMIZATION_LEVEL = "-Owholemodule";
				VALIDATE_PRODUCT = YES;
			};
			name = Release;
		};
		FB7CD4D11FBBDB81001AF775 /* Debug */ = {
			isa = XCBuildConfiguration;
			buildSettings = {
				ASSETCATALOG_COMPILER_APPICON_NAME = AppIcon;
				CODE_SIGN_STYLE = Automatic;
				DEVELOPMENT_TEAM = 57E34B5PF5;
				INFOPLIST_FILE = coreMotionApp/Info.plist;
				LD_RUNPATH_SEARCH_PATHS = "$(inherited) @executable_path/Frameworks";
				PRODUCT_BUNDLE_IDENTIFIER = com.Timothy.coreMotionApp;
				PRODUCT_NAME = "$(TARGET_NAME)";
				SWIFT_VERSION = 4.0;
				TARGETED_DEVICE_FAMILY = "1,2";
			};
			name = Debug;
		};
		FB7CD4D21FBBDB81001AF775 /* Release */ = {
			isa = XCBuildConfiguration;
			buildSettings = {
				ASSETCATALOG_COMPILER_APPICON_NAME = AppIcon;
				CODE_SIGN_STYLE = Automatic;
				DEVELOPMENT_TEAM = 57E34B5PF5;
				INFOPLIST_FILE = coreMotionApp/Info.plist;
				LD_RUNPATH_SEARCH_PATHS = "$(inherited) @executable_path/Frameworks";
				PRODUCT_BUNDLE_IDENTIFIER = com.Timothy.coreMotionApp;
				PRODUCT_NAME = "$(TARGET_NAME)";
				SWIFT_VERSION = 4.0;
				TARGETED_DEVICE_FAMILY = "1,2";
			};
			name = Release;
		};
/* End XCBuildConfiguration section */

/* Begin XCConfigurationList section */
		FB7CD4B91FBBDB80001AF775 /* Build configuration list for PBXProject "coreMotionApp" */ = {
			isa = XCConfigurationList;
			buildConfigurations = (
				FB7CD4CE1FBBDB81001AF775 /* Debug */,
				FB7CD4CF1FBBDB81001AF775 /* Release */,
			);
			defaultConfigurationIsVisible = 0;
			defaultConfigurationName = Release;
		};
		FB7CD4D01FBBDB81001AF775 /* Build configuration list for PBXNativeTarget "coreMotionApp" */ = {
			isa = XCConfigurationList;
			buildConfigurations = (
				FB7CD4D11FBBDB81001AF775 /* Debug */,
				FB7CD4D21FBBDB81001AF775 /* Release */,
			);
			defaultConfigurationIsVisible = 0;
			defaultConfigurationName = Release;
		};
/* End XCConfigurationList section */
	};
	rootObject = FB7CD4B61FBBDB80001AF775 /* Project object */;
}
